
Microsoft Visual Studio Solution File, Format Version 12.00
# Visual Studio 15
VisualStudioVersion = 15.0.27004.2005
MinimumVisualStudioVersion = 10.0.40219.1
Project("{9A19103F-16F7-4668-BE54-9A1E7A4F7556}") = "WebsiteMonitorApplication.Web", "sources\WebsiteMonitorApplication.Web\WebsiteMonitorApplication.Web.csproj", "{16609230-1C4A-4F8E-B7EC-447692A90F3D}"
EndProject
Project("{2150E333-8FDC-42A3-9474-1A3956D46DE8}") = "sources", "sources", "{0B857EF2-C2E6-4111-BAA8-FEB73AA00ED4}"
EndProject
Project("{9A19103F-16F7-4668-BE54-9A1E7A4F7556}") = "WebsiteMonitorApplication.Core", "sources\WebsiteMonitorApplication.Core\WebsiteMonitorApplication.Core.csproj", "{91717C39-243C-4DA6-AA84-E2746B8220FD}"
EndProject
Project("{9A19103F-16F7-4668-BE54-9A1E7A4F7556}") = "WebsiteMonitorApplication.Services", "sources\WebsiteMonitorApplication.Services\WebsiteMonitorApplication.Services.csproj", "{EE45A4E5-3D03-4EB2-A21D-1385B5C28066}"
EndProject
Project("{FAE04EC0-301F-11D3-BF4B-00C04F79EFBC}") = "WebsiteMonitorApplication.Data", "sources\WebsiteMonitorApplication.Data\WebsiteMonitorApplication.Data.csproj", "{5C187254-29D8-4BD9-8C23-6B307DC531A2}"
EndProject
Project("{2150E333-8FDC-42A3-9474-1A3956D46DE8}") = "tests", "tests", "{DE66FF9F-4277-4483-9D25-031ACBA0A995}"
EndProject
Project("{FAE04EC0-301F-11D3-BF4B-00C04F79EFBC}") = "WebsiteMonitorApplication.Services.Tests", "tests\WebsiteMonitorApplication.Services.Tests\WebsiteMonitorApplication.Services.Tests.csproj", "{4C1BEA95-DAE3-4B5C-9902-F738C917C8B5}"
EndProject
Global
	GlobalSection(SolutionConfigurationPlatforms) = preSolution
		Debug|Any CPU = Debug|Any CPU
		Release|Any CPU = Release|Any CPU
	EndGlobalSection
	GlobalSection(ProjectConfigurationPlatforms) = postSolution
		{16609230-1C4A-4F8E-B7EC-447692A90F3D}.Debug|Any CPU.ActiveCfg = Debug|Any CPU
		{16609230-1C4A-4F8E-B7EC-447692A90F3D}.Debug|Any CPU.Build.0 = Debug|Any CPU
		{16609230-1C4A-4F8E-B7EC-447692A90F3D}.Release|Any CPU.ActiveCfg = Release|Any CPU
		{16609230-1C4A-4F8E-B7EC-447692A90F3D}.Release|Any CPU.Build.0 = Release|Any CPU
		{91717C39-243C-4DA6-AA84-E2746B8220FD}.Debug|Any CPU.ActiveCfg = Debug|Any CPU
		{91717C39-243C-4DA6-AA84-E2746B8220FD}.Debug|Any CPU.Build.0 = Debug|Any CPU
		{91717C39-243C-4DA6-AA84-E2746B8220FD}.Release|Any CPU.ActiveCfg = Release|Any CPU
		{91717C39-243C-4DA6-AA84-E2746B8220FD}.Release|Any CPU.Build.0 = Release|Any CPU
		{EE45A4E5-3D03-4EB2-A21D-1385B5C28066}.Debug|Any CPU.ActiveCfg = Debug|Any CPU
		{EE45A4E5-3D03-4EB2-A21D-1385B5C28066}.Debug|Any CPU.Build.0 = Debug|Any CPU
		{EE45A4E5-3D03-4EB2-A21D-1385B5C28066}.Release|Any CPU.ActiveCfg = Release|Any CPU
		{EE45A4E5-3D03-4EB2-A21D-1385B5C28066}.Release|Any CPU.Build.0 = Release|Any CPU
		{5C187254-29D8-4BD9-8C23-6B307DC531A2}.Debug|Any CPU.ActiveCfg = Debug|Any CPU
		{5C187254-29D8-4BD9-8C23-6B307DC531A2}.Debug|Any CPU.Build.0 = Debug|Any CPU
		{5C187254-29D8-4BD9-8C23-6B307DC531A2}.Release|Any CPU.ActiveCfg = Release|Any CPU
		{5C187254-29D8-4BD9-8C23-6B307DC531A2}.Release|Any CPU.Build.0 = Release|Any CPU
		{4C1BEA95-DAE3-4B5C-9902-F738C917C8B5}.Debug|Any CPU.ActiveCfg = Debug|Any CPU
		{4C1BEA95-DAE3-4B5C-9902-F738C917C8B5}.Debug|Any CPU.Build.0 = Debug|Any CPU
		{4C1BEA95-DAE3-4B5C-9902-F738C917C8B5}.Release|Any CPU.ActiveCfg = Release|Any CPU
		{4C1BEA95-DAE3-4B5C-9902-F738C917C8B5}.Release|Any CPU.Build.0 = Release|Any CPU
	EndGlobalSection
	GlobalSection(SolutionProperties) = preSolution
		HideSolutionNode = FALSE
	EndGlobalSection
	GlobalSection(NestedProjects) = preSolution
		{16609230-1C4A-4F8E-B7EC-447692A90F3D} = {0B857EF2-C2E6-4111-BAA8-FEB73AA00ED4}
		{91717C39-243C-4DA6-AA84-E2746B8220FD} = {0B857EF2-C2E6-4111-BAA8-FEB73AA00ED4}
		{EE45A4E5-3D03-4EB2-A21D-1385B5C28066} = {0B857EF2-C2E6-4111-BAA8-FEB73AA00ED4}
		{5C187254-29D8-4BD9-8C23-6B307DC531A2} = {0B857EF2-C2E6-4111-BAA8-FEB73AA00ED4}
		{4C1BEA95-DAE3-4B5C-9902-F738C917C8B5} = {DE66FF9F-4277-4483-9D25-031ACBA0A995}
	EndGlobalSection
	GlobalSection(ExtensibilityGlobals) = postSolution
		SolutionGuid = {C4199292-85D1-404C-8F20-37E6B1735315}
	EndGlobalSection
EndGlobal
